
Microsoft Visual Studio Solution File, Format Version 12.00
# Visual Studio 15
VisualStudioVersion = 15.0.28307.645
MinimumVisualStudioVersion = 10.0.40219.1
Project("{FAE04EC0-301F-11D3-BF4B-00C04F79EFBC}") = "JsonToHtmlTable", "JsonToHtmlTable\JsonToHtmlTable.csproj", "{C9954836-A97F-4D18-B05F-EF9C46AFB8D5}"
EndProject
Global
	GlobalSection(SolutionConfigurationPlatforms) = preSolution
		Debug|Any CPU = Debug|Any CPU
		Release|Any CPU = Release|Any CPU
	EndGlobalSection
	GlobalSection(ProjectConfigurationPlatforms) = postSolution
		{C9954836-A97F-4D18-B05F-EF9C46AFB8D5}.Debug|Any CPU.ActiveCfg = Debug|Any CPU
		{C9954836-A97F-4D18-B05F-EF9C46AFB8D5}.Debug|Any CPU.Build.0 = Debug|Any CPU
		{C9954836-A97F-4D18-B05F-EF9C46AFB8D5}.Release|Any CPU.ActiveCfg = Release|Any CPU
		{C9954836-A97F-4D18-B05F-EF9C46AFB8D5}.Release|Any CPU.Build.0 = Release|Any CPU
	EndGlobalSection
	GlobalSection(SolutionProperties) = preSolution
		HideSolutionNode = FALSE
	EndGlobalSection
	GlobalSection(ExtensibilityGlobals) = postSolution
		SolutionGuid = {B8DF5F4B-E055-440F-929A-1A0083298E72}
	EndGlobalSection
EndGlobal
